
Microsoft Visual Studio Solution File, Format Version 11.00
# Visual Studio 2010
Project("{FAE04EC0-301F-11D3-BF4B-00C04F79EFBC}") = "OSC2ArtNet", "OSC2ArtNet\OSC2ArtNet.csproj", "{CE4FB3A5-54AB-4C34-94CC-649D990180EE}"
EndProject
Global
	GlobalSection(SolutionConfigurationPlatforms) = preSolution
		Debug|x86 = Debug|x86
		Release|x86 = Release|x86
	EndGlobalSection
	GlobalSection(ProjectConfigurationPlatforms) = postSolution
		{CE4FB3A5-54AB-4C34-94CC-649D990180EE}.Debug|x86.ActiveCfg = Debug|x86
		{CE4FB3A5-54AB-4C34-94CC-649D990180EE}.Debug|x86.Build.0 = Debug|x86
		{CE4FB3A5-54AB-4C34-94CC-649D990180EE}.Release|x86.ActiveCfg = Release|x86
		{CE4FB3A5-54AB-4C34-94CC-649D990180EE}.Release|x86.Build.0 = Release|x86
	EndGlobalSection
	GlobalSection(SolutionProperties) = preSolution
		HideSolutionNode = FALSE
	EndGlobalSection
EndGlobal
